
Microsoft Visual Studio Solution File, Format Version 12.00
# Visual Studio 15
Project("{FAE04EC0-301F-11D3-BF4B-00C04F79EFBC}") = "NewsOrg.Android", "NewsOrg.Android\NewsOrg.Android.csproj", "{420B361C-7A06-44A4-BCFD-E25A140CF633}"
EndProject
Project("{FAE04EC0-301F-11D3-BF4B-00C04F79EFBC}") = "NewsOrg.iOS", "NewsOrg.iOS\NewsOrg.iOS.csproj", "{984A0413-1663-4CB3-98C5-BB05D4020EC2}"
EndProject
Project("{FAE04EC0-301F-11D3-BF4B-00C04F79EFBC}") = "NewsOrg", "NewsOrg\NewsOrg.csproj", "{E5C607CA-021F-4C1B-83BC-D98BF9F6DFA1}"
EndProject
Global
	GlobalSection(SolutionConfigurationPlatforms) = preSolution
		Debug|Any CPU = Debug|Any CPU
		Release|Any CPU = Release|Any CPU
		Debug|iPhoneSimulator = Debug|iPhoneSimulator
		Release|iPhoneSimulator = Release|iPhoneSimulator
		Debug|iPhone = Debug|iPhone
		Release|iPhone = Release|iPhone
	EndGlobalSection
	GlobalSection(ProjectConfigurationPlatforms) = postSolution
		{420B361C-7A06-44A4-BCFD-E25A140CF633}.Debug|Any CPU.ActiveCfg = Debug|Any CPU
		{420B361C-7A06-44A4-BCFD-E25A140CF633}.Debug|Any CPU.Build.0 = Debug|Any CPU
		{420B361C-7A06-44A4-BCFD-E25A140CF633}.Release|Any CPU.ActiveCfg = Release|Any CPU
		{420B361C-7A06-44A4-BCFD-E25A140CF633}.Release|Any CPU.Build.0 = Release|Any CPU
		{420B361C-7A06-44A4-BCFD-E25A140CF633}.Debug|iPhoneSimulator.ActiveCfg = Debug|Any CPU
		{420B361C-7A06-44A4-BCFD-E25A140CF633}.Debug|iPhoneSimulator.Build.0 = Debug|Any CPU
		{420B361C-7A06-44A4-BCFD-E25A140CF633}.Release|iPhoneSimulator.ActiveCfg = Release|Any CPU
		{420B361C-7A06-44A4-BCFD-E25A140CF633}.Release|iPhoneSimulator.Build.0 = Release|Any CPU
		{420B361C-7A06-44A4-BCFD-E25A140CF633}.Debug|iPhone.ActiveCfg = Debug|Any CPU
		{420B361C-7A06-44A4-BCFD-E25A140CF633}.Debug|iPhone.Build.0 = Debug|Any CPU
		{420B361C-7A06-44A4-BCFD-E25A140CF633}.Release|iPhone.ActiveCfg = Release|Any CPU
		{420B361C-7A06-44A4-BCFD-E25A140CF633}.Release|iPhone.Build.0 = Release|Any CPU
		{984A0413-1663-4CB3-98C5-BB05D4020EC2}.Debug|Any CPU.ActiveCfg = Debug|iPhoneSimulator
		{984A0413-1663-4CB3-98C5-BB05D4020EC2}.Debug|Any CPU.Build.0 = Debug|iPhoneSimulator
		{984A0413-1663-4CB3-98C5-BB05D4020EC2}.Release|Any CPU.ActiveCfg = Release|iPhoneSimulator
		{984A0413-1663-4CB3-98C5-BB05D4020EC2}.Release|Any CPU.Build.0 = Release|iPhoneSimulator
		{984A0413-1663-4CB3-98C5-BB05D4020EC2}.Debug|iPhoneSimulator.ActiveCfg = Debug|iPhoneSimulator
		{984A0413-1663-4CB3-98C5-BB05D4020EC2}.Debug|iPhoneSimulator.Build.0 = Debug|iPhoneSimulator
		{984A0413-1663-4CB3-98C5-BB05D4020EC2}.Release|iPhoneSimulator.ActiveCfg = Release|iPhoneSimulator
		{984A0413-1663-4CB3-98C5-BB05D4020EC2}.Release|iPhoneSimulator.Build.0 = Release|iPhoneSimulator
		{984A0413-1663-4CB3-98C5-BB05D4020EC2}.Debug|iPhone.ActiveCfg = Debug|iPhone
		{984A0413-1663-4CB3-98C5-BB05D4020EC2}.Debug|iPhone.Build.0 = Debug|iPhone
		{984A0413-1663-4CB3-98C5-BB05D4020EC2}.Release|iPhone.ActiveCfg = Release|iPhone
		{984A0413-1663-4CB3-98C5-BB05D4020EC2}.Release|iPhone.Build.0 = Release|iPhone
		{E5C607CA-021F-4C1B-83BC-D98BF9F6DFA1}.Debug|Any CPU.ActiveCfg = Debug|Any CPU
		{E5C607CA-021F-4C1B-83BC-D98BF9F6DFA1}.Debug|Any CPU.Build.0 = Debug|Any CPU
		{E5C607CA-021F-4C1B-83BC-D98BF9F6DFA1}.Release|Any CPU.ActiveCfg = Release|Any CPU
		{E5C607CA-021F-4C1B-83BC-D98BF9F6DFA1}.Release|Any CPU.Build.0 = Release|Any CPU
		{E5C607CA-021F-4C1B-83BC-D98BF9F6DFA1}.Debug|iPhoneSimulator.ActiveCfg = Debug|Any CPU
		{E5C607CA-021F-4C1B-83BC-D98BF9F6DFA1}.Debug|iPhoneSimulator.Build.0 = Debug|Any CPU
		{E5C607CA-021F-4C1B-83BC-D98BF9F6DFA1}.Release|iPhoneSimulator.ActiveCfg = Release|Any CPU
		{E5C607CA-021F-4C1B-83BC-D98BF9F6DFA1}.Release|iPhoneSimulator.Build.0 = Release|Any CPU
		{E5C607CA-021F-4C1B-83BC-D98BF9F6DFA1}.Debug|iPhone.ActiveCfg = Debug|Any CPU
		{E5C607CA-021F-4C1B-83BC-D98BF9F6DFA1}.Debug|iPhone.Build.0 = Debug|Any CPU
		{E5C607CA-021F-4C1B-83BC-D98BF9F6DFA1}.Release|iPhone.ActiveCfg = Release|Any CPU
		{E5C607CA-021F-4C1B-83BC-D98BF9F6DFA1}.Release|iPhone.Build.0 = Release|Any CPU
	EndGlobalSection
EndGlobal
